
Microsoft Visual Studio Solution File, Format Version 12.00
# Visual Studio 2012
VisualStudioVersion = 12.0.30110.0
MinimumVisualStudioVersion = 10.0.40219.1
Project("{FAE04EC0-301F-11D3-BF4B-00C04F79EFBC}") = "ExamplesConsole", "ExamplesConsole\ExamplesConsole.csproj", "{8EFAC467-5DE2-4AC8-B90F-45E215BD9C20}"
EndProject
Project("{F184B08F-C81C-45F6-A57F-5ABD9991F28F}") = "ExamplesConsole.VB", "ExamplesConsole.VB\ExamplesConsole.VB.vbproj", "{825093FC-FC5F-4AEB-96C6-B9569B5EF18A}"
EndProject
Project("{FAE04EC0-301F-11D3-BF4B-00C04F79EFBC}") = "ExamplesChat.Android", "ExamplesChat.Android\ExamplesChat.Android.csproj", "{0C545E72-5189-4E25-85E2-EB6B32B13B50}"
EndProject
Project("{FAE04EC0-301F-11D3-BF4B-00C04F79EFBC}") = "ExamplesChat.iOS", "ExamplesChat.iOS\ExamplesChat.iOS.csproj", "{C8009529-185B-4FB0-9F80-A3DEF175CA49}"
EndProject
Project("{FAE04EC0-301F-11D3-BF4B-00C04F79EFBC}") = "ExamplesChat.WinRT", "ExamplesChat.WinRT\ExamplesChat.WinRT.csproj", "{EB20054A-B290-42BA-A353-A449F14542E8}"
EndProject
Project("{FAE04EC0-301F-11D3-BF4B-00C04F79EFBC}") = "ExamplesChat.WP8", "ExamplesChat.WP8\ExamplesChat.WP8.csproj", "{708DD7F1-2492-4193-B6D2-0ECC32DFFD41}"
EndProject
Project("{FAE04EC0-301F-11D3-BF4B-00C04F79EFBC}") = "ExamplesChat.WPF", "ExamplesChat.WPF\ExamplesChat.WPF.csproj", "{1041C66C-6920-4D19-A922-C58783587F2F}"
EndProject
Project("{FAE04EC0-301F-11D3-BF4B-00C04F79EFBC}") = "ExamplesFileTransfer.WPF", "ExamplesFileTransfer.WPF\ExamplesFileTransfer.WPF.csproj", "{5BBA9805-E1B5-45D8-927F-4DAD95F1466B}"
EndProject
Global
	GlobalSection(SolutionConfigurationPlatforms) = preSolution
		Ad-Hoc|Any CPU = Ad-Hoc|Any CPU
		Ad-Hoc|ARM = Ad-Hoc|ARM
		Ad-Hoc|iPhone = Ad-Hoc|iPhone
		Ad-Hoc|iPhoneSimulator = Ad-Hoc|iPhoneSimulator
		Ad-Hoc|Mixed Platforms = Ad-Hoc|Mixed Platforms
		Ad-Hoc|x64 = Ad-Hoc|x64
		Ad-Hoc|x86 = Ad-Hoc|x86
		AppStore|Any CPU = AppStore|Any CPU
		AppStore|ARM = AppStore|ARM
		AppStore|iPhone = AppStore|iPhone
		AppStore|iPhoneSimulator = AppStore|iPhoneSimulator
		AppStore|Mixed Platforms = AppStore|Mixed Platforms
		AppStore|x64 = AppStore|x64
		AppStore|x86 = AppStore|x86
		Debug|Any CPU = Debug|Any CPU
		Debug|ARM = Debug|ARM
		Debug|iPhone = Debug|iPhone
		Debug|iPhoneSimulator = Debug|iPhoneSimulator
		Debug|Mixed Platforms = Debug|Mixed Platforms
		Debug|x64 = Debug|x64
		Debug|x86 = Debug|x86
		Release|Any CPU = Release|Any CPU
		Release|ARM = Release|ARM
		Release|iPhone = Release|iPhone
		Release|iPhoneSimulator = Release|iPhoneSimulator
		Release|Mixed Platforms = Release|Mixed Platforms
		Release|x64 = Release|x64
		Release|x86 = Release|x86
	EndGlobalSection
	GlobalSection(ProjectConfigurationPlatforms) = postSolution
		{0C545E72-5189-4E25-85E2-EB6B32B13B50}.Ad-Hoc|Any CPU.ActiveCfg = Release|Any CPU
		{0C545E72-5189-4E25-85E2-EB6B32B13B50}.Ad-Hoc|Any CPU.Build.0 = Release|Any CPU
		{0C545E72-5189-4E25-85E2-EB6B32B13B50}.Ad-Hoc|Any CPU.Deploy.0 = Release|Any CPU
		{0C545E72-5189-4E25-85E2-EB6B32B13B50}.Ad-Hoc|ARM.ActiveCfg = Release|Any CPU
		{0C545E72-5189-4E25-85E2-EB6B32B13B50}.Ad-Hoc|iPhone.ActiveCfg = Release|Any CPU
		{0C545E72-5189-4E25-85E2-EB6B32B13B50}.Ad-Hoc|iPhoneSimulator.ActiveCfg = Release|Any CPU
		{0C545E72-5189-4E25-85E2-EB6B32B13B50}.Ad-Hoc|Mixed Platforms.ActiveCfg = Release|Any CPU
		{0C545E72-5189-4E25-85E2-EB6B32B13B50}.Ad-Hoc|Mixed Platforms.Build.0 = Release|Any CPU
		{0C545E72-5189-4E25-85E2-EB6B32B13B50}.Ad-Hoc|Mixed Platforms.Deploy.0 = Release|Any CPU
		{0C545E72-5189-4E25-85E2-EB6B32B13B50}.Ad-Hoc|x64.ActiveCfg = Release|Any CPU
		{0C545E72-5189-4E25-85E2-EB6B32B13B50}.Ad-Hoc|x86.ActiveCfg = Release|Any CPU
		{0C545E72-5189-4E25-85E2-EB6B32B13B50}.AppStore|Any CPU.ActiveCfg = Release|Any CPU
		{0C545E72-5189-4E25-85E2-EB6B32B13B50}.AppStore|Any CPU.Build.0 = Release|Any CPU
		{0C545E72-5189-4E25-85E2-EB6B32B13B50}.AppStore|Any CPU.Deploy.0 = Release|Any CPU
		{0C545E72-5189-4E25-85E2-EB6B32B13B50}.AppStore|ARM.ActiveCfg = Release|Any CPU
		{0C545E72-5189-4E25-85E2-EB6B32B13B50}.AppStore|iPhone.ActiveCfg = Release|Any CPU
		{0C545E72-5189-4E25-85E2-EB6B32B13B50}.AppStore|iPhoneSimulator.ActiveCfg = Release|Any CPU
		{0C545E72-5189-4E25-85E2-EB6B32B13B50}.AppStore|Mixed Platforms.ActiveCfg = Release|Any CPU
		{0C545E72-5189-4E25-85E2-EB6B32B13B50}.AppStore|Mixed Platforms.Build.0 = Release|Any CPU
		{0C545E72-5189-4E25-85E2-EB6B32B13B50}.AppStore|Mixed Platforms.Deploy.0 = Release|Any CPU
		{0C545E72-5189-4E25-85E2-EB6B32B13B50}.AppStore|x64.ActiveCfg = Release|Any CPU
		{0C545E72-5189-4E25-85E2-EB6B32B13B50}.AppStore|x86.ActiveCfg = Release|Any CPU
		{0C545E72-5189-4E25-85E2-EB6B32B13B50}.Debug|Any CPU.ActiveCfg = Debug|Any CPU
		{0C545E72-5189-4E25-85E2-EB6B32B13B50}.Debug|Any CPU.Build.0 = Debug|Any CPU
		{0C545E72-5189-4E25-85E2-EB6B32B13B50}.Debug|Any CPU.Deploy.0 = Debug|Any CPU
		{0C545E72-5189-4E25-85E2-EB6B32B13B50}.Debug|ARM.ActiveCfg = Debug|Any CPU
		{0C545E72-5189-4E25-85E2-EB6B32B13B50}.Debug|iPhone.ActiveCfg = Debug|Any CPU
		{0C545E72-5189-4E25-85E2-EB6B32B13B50}.Debug|iPhoneSimulator.ActiveCfg = Debug|Any CPU
		{0C545E72-5189-4E25-85E2-EB6B32B13B50}.Debug|Mixed Platforms.ActiveCfg = Debug|Any CPU
		{0C545E72-5189-4E25-85E2-EB6B32B13B50}.Debug|Mixed Platforms.Build.0 = Debug|Any CPU
		{0C545E72-5189-4E25-85E2-EB6B32B13B50}.Debug|Mixed Platforms.Deploy.0 = Debug|Any CPU
		{0C545E72-5189-4E25-85E2-EB6B32B13B50}.Debug|x64.ActiveCfg = Debug|Any CPU
		{0C545E72-5189-4E25-85E2-EB6B32B13B50}.Debug|x86.ActiveCfg = Debug|Any CPU
		{0C545E72-5189-4E25-85E2-EB6B32B13B50}.Release|Any CPU.ActiveCfg = Release|Any CPU
		{0C545E72-5189-4E25-85E2-EB6B32B13B50}.Release|Any CPU.Build.0 = Release|Any CPU
		{0C545E72-5189-4E25-85E2-EB6B32B13B50}.Release|Any CPU.Deploy.0 = Release|Any CPU
		{0C545E72-5189-4E25-85E2-EB6B32B13B50}.Release|ARM.ActiveCfg = Release|Any CPU
		{0C545E72-5189-4E25-85E2-EB6B32B13B50}.Release|iPhone.ActiveCfg = Release|Any CPU
		{0C545E72-5189-4E25-85E2-EB6B32B13B50}.Release|iPhoneSimulator.ActiveCfg = Release|Any CPU
		{0C545E72-5189-4E25-85E2-EB6B32B13B50}.Release|Mixed Platforms.ActiveCfg = Release|Any CPU
		{0C545E72-5189-4E25-85E2-EB6B32B13B50}.Release|Mixed Platforms.Build.0 = Release|Any CPU
		{0C545E72-5189-4E25-85E2-EB6B32B13B50}.Release|Mixed Platforms.Deploy.0 = Release|Any CPU
		{0C545E72-5189-4E25-85E2-EB6B32B13B50}.Release|x64.ActiveCfg = Release|Any CPU
		{0C545E72-5189-4E25-85E2-EB6B32B13B50}.Release|x86.ActiveCfg = Release|Any CPU
		{1041C66C-6920-4D19-A922-C58783587F2F}.Ad-Hoc|Any CPU.ActiveCfg = Release|Any CPU
		{1041C66C-6920-4D19-A922-C58783587F2F}.Ad-Hoc|Any CPU.Build.0 = Release|Any CPU
		{1041C66C-6920-4D19-A922-C58783587F2F}.Ad-Hoc|ARM.ActiveCfg = Release|Any CPU
		{1041C66C-6920-4D19-A922-C58783587F2F}.Ad-Hoc|iPhone.ActiveCfg = Release|Any CPU
		{1041C66C-6920-4D19-A922-C58783587F2F}.Ad-Hoc|iPhoneSimulator.ActiveCfg = Release|Any CPU
		{1041C66C-6920-4D19-A922-C58783587F2F}.Ad-Hoc|Mixed Platforms.ActiveCfg = Release|Any CPU
		{1041C66C-6920-4D19-A922-C58783587F2F}.Ad-Hoc|Mixed Platforms.Build.0 = Release|Any CPU
		{1041C66C-6920-4D19-A922-C58783587F2F}.Ad-Hoc|x64.ActiveCfg = Release|Any CPU
		{1041C66C-6920-4D19-A922-C58783587F2F}.Ad-Hoc|x86.ActiveCfg = Release|Any CPU
		{1041C66C-6920-4D19-A922-C58783587F2F}.AppStore|Any CPU.ActiveCfg = Release|Any CPU
		{1041C66C-6920-4D19-A922-C58783587F2F}.AppStore|Any CPU.Build.0 = Release|Any CPU
		{1041C66C-6920-4D19-A922-C58783587F2F}.AppStore|ARM.ActiveCfg = Release|Any CPU
		{1041C66C-6920-4D19-A922-C58783587F2F}.AppStore|iPhone.ActiveCfg = Release|Any CPU
		{1041C66C-6920-4D19-A922-C58783587F2F}.AppStore|iPhoneSimulator.ActiveCfg = Release|Any CPU
		{1041C66C-6920-4D19-A922-C58783587F2F}.AppStore|Mixed Platforms.ActiveCfg = Release|Any CPU
		{1041C66C-6920-4D19-A922-C58783587F2F}.AppStore|Mixed Platforms.Build.0 = Release|Any CPU
		{1041C66C-6920-4D19-A922-C58783587F2F}.AppStore|x64.ActiveCfg = Release|Any CPU
		{1041C66C-6920-4D19-A922-C58783587F2F}.AppStore|x86.ActiveCfg = Release|Any CPU
		{1041C66C-6920-4D19-A922-C58783587F2F}.Debug|Any CPU.ActiveCfg = Debug|Any CPU
		{1041C66C-6920-4D19-A922-C58783587F2F}.Debug|Any CPU.Build.0 = Debug|Any CPU
		{1041C66C-6920-4D19-A922-C58783587F2F}.Debug|ARM.ActiveCfg = Debug|Any CPU
		{1041C66C-6920-4D19-A922-C58783587F2F}.Debug|iPhone.ActiveCfg = Debug|Any CPU
		{1041C66C-6920-4D19-A922-C58783587F2F}.Debug|iPhoneSimulator.ActiveCfg = Debug|Any CPU
		{1041C66C-6920-4D19-A922-C58783587F2F}.Debug|Mixed Platforms.ActiveCfg = Debug|Any CPU
		{1041C66C-6920-4D19-A922-C58783587F2F}.Debug|Mixed Platforms.Build.0 = Debug|Any CPU
		{1041C66C-6920-4D19-A922-C58783587F2F}.Debug|x64.ActiveCfg = Debug|Any CPU
		{1041C66C-6920-4D19-A922-C58783587F2F}.Debug|x86.ActiveCfg = Debug|Any CPU
		{1041C66C-6920-4D19-A922-C58783587F2F}.Release|Any CPU.ActiveCfg = Release|Any CPU
		{1041C66C-6920-4D19-A922-C58783587F2F}.Release|Any CPU.Build.0 = Release|Any CPU
		{1041C66C-6920-4D19-A922-C58783587F2F}.Release|ARM.ActiveCfg = Release|Any CPU
		{1041C66C-6920-4D19-A922-C58783587F2F}.Release|iPhone.ActiveCfg = Release|Any CPU
		{1041C66C-6920-4D19-A922-C58783587F2F}.Release|iPhoneSimulator.ActiveCfg = Release|Any CPU
		{1041C66C-6920-4D19-A922-C58783587F2F}.Release|Mixed Platforms.ActiveCfg = Release|Any CPU
		{1041C66C-6920-4D19-A922-C58783587F2F}.Release|Mixed Platforms.Build.0 = Release|Any CPU
		{1041C66C-6920-4D19-A922-C58783587F2F}.Release|x64.ActiveCfg = Release|Any CPU
		{1041C66C-6920-4D19-A922-C58783587F2F}.Release|x86.ActiveCfg = Release|Any CPU
		{5BBA9805-E1B5-45D8-927F-4DAD95F1466B}.Ad-Hoc|Any CPU.ActiveCfg = Release|Any CPU
		{5BBA9805-E1B5-45D8-927F-4DAD95F1466B}.Ad-Hoc|Any CPU.Build.0 = Release|Any CPU
		{5BBA9805-E1B5-45D8-927F-4DAD95F1466B}.Ad-Hoc|ARM.ActiveCfg = Release|Any CPU
		{5BBA9805-E1B5-45D8-927F-4DAD95F1466B}.Ad-Hoc|iPhone.ActiveCfg = Release|Any CPU
		{5BBA9805-E1B5-45D8-927F-4DAD95F1466B}.Ad-Hoc|iPhoneSimulator.ActiveCfg = Release|Any CPU
		{5BBA9805-E1B5-45D8-927F-4DAD95F1466B}.Ad-Hoc|Mixed Platforms.ActiveCfg = Release|Any CPU
		{5BBA9805-E1B5-45D8-927F-4DAD95F1466B}.Ad-Hoc|Mixed Platforms.Build.0 = Release|Any CPU
		{5BBA9805-E1B5-45D8-927F-4DAD95F1466B}.Ad-Hoc|x64.ActiveCfg = Release|Any CPU
		{5BBA9805-E1B5-45D8-927F-4DAD95F1466B}.Ad-Hoc|x86.ActiveCfg = Release|Any CPU
		{5BBA9805-E1B5-45D8-927F-4DAD95F1466B}.AppStore|Any CPU.ActiveCfg = Release|Any CPU
		{5BBA9805-E1B5-45D8-927F-4DAD95F1466B}.AppStore|Any CPU.Build.0 = Release|Any CPU
		{5BBA9805-E1B5-45D8-927F-4DAD95F1466B}.AppStore|ARM.ActiveCfg = Release|Any CPU
		{5BBA9805-E1B5-45D8-927F-4DAD95F1466B}.AppStore|iPhone.ActiveCfg = Release|Any CPU
		{5BBA9805-E1B5-45D8-927F-4DAD95F1466B}.AppStore|iPhoneSimulator.ActiveCfg = Release|Any CPU
		{5BBA9805-E1B5-45D8-927F-4DAD95F1466B}.AppStore|Mixed Platforms.ActiveCfg = Release|Any CPU
		{5BBA9805-E1B5-45D8-927F-4DAD95F1466B}.AppStore|Mixed Platforms.Build.0 = Release|Any CPU
		{5BBA9805-E1B5-45D8-927F-4DAD95F1466B}.AppStore|x64.ActiveCfg = Release|Any CPU
		{5BBA9805-E1B5-45D8-927F-4DAD95F1466B}.AppStore|x86.ActiveCfg = Release|Any CPU
		{5BBA9805-E1B5-45D8-927F-4DAD95F1466B}.Debug|Any CPU.ActiveCfg = Debug|Any CPU
		{5BBA9805-E1B5-45D8-927F-4DAD95F1466B}.Debug|Any CPU.Build.0 = Debug|Any CPU
		{5BBA9805-E1B5-45D8-927F-4DAD95F1466B}.Debug|ARM.ActiveCfg = Debug|Any CPU
		{5BBA9805-E1B5-45D8-927F-4DAD95F1466B}.Debug|iPhone.ActiveCfg = Debug|Any CPU
		{5BBA9805-E1B5-45D8-927F-4DAD95F1466B}.Debug|iPhoneSimulator.ActiveCfg = Debug|Any CPU
		{5BBA9805-E1B5-45D8-927F-4DAD95F1466B}.Debug|Mixed Platforms.ActiveCfg = Debug|Any CPU
		{5BBA9805-E1B5-45D8-927F-4DAD95F1466B}.Debug|Mixed Platforms.Build.0 = Debug|Any CPU
		{5BBA9805-E1B5-45D8-927F-4DAD95F1466B}.Debug|x64.ActiveCfg = Debug|Any CPU
		{5BBA9805-E1B5-45D8-927F-4DAD95F1466B}.Debug|x86.ActiveCfg = Debug|Any CPU
		{5BBA9805-E1B5-45D8-927F-4DAD95F1466B}.Release|Any CPU.ActiveCfg = Release|Any CPU
		{5BBA9805-E1B5-45D8-927F-4DAD95F1466B}.Release|Any CPU.Build.0 = Release|Any CPU
		{5BBA9805-E1B5-45D8-927F-4DAD95F1466B}.Release|ARM.ActiveCfg = Release|Any CPU
		{5BBA9805-E1B5-45D8-927F-4DAD95F1466B}.Release|iPhone.ActiveCfg = Release|Any CPU
		{5BBA9805-E1B5-45D8-927F-4DAD95F1466B}.Release|iPhoneSimulator.ActiveCfg = Release|Any CPU
		{5BBA9805-E1B5-45D8-927F-4DAD95F1466B}.Release|Mixed Platforms.ActiveCfg = Release|Any CPU
		{5BBA9805-E1B5-45D8-927F-4DAD95F1466B}.Release|Mixed Platforms.Build.0 = Release|Any CPU
		{5BBA9805-E1B5-45D8-927F-4DAD95F1466B}.Release|x64.ActiveCfg = Release|Any CPU
		{5BBA9805-E1B5-45D8-927F-4DAD95F1466B}.Release|x86.ActiveCfg = Release|Any CPU
		{708DD7F1-2492-4193-B6D2-0ECC32DFFD41}.Ad-Hoc|Any CPU.ActiveCfg = Release|Any CPU
		{708DD7F1-2492-4193-B6D2-0ECC32DFFD41}.Ad-Hoc|Any CPU.Build.0 = Release|Any CPU
		{708DD7F1-2492-4193-B6D2-0ECC32DFFD41}.Ad-Hoc|Any CPU.Deploy.0 = Release|Any CPU
		{708DD7F1-2492-4193-B6D2-0ECC32DFFD41}.Ad-Hoc|ARM.ActiveCfg = Release|ARM
		{708DD7F1-2492-4193-B6D2-0ECC32DFFD41}.Ad-Hoc|ARM.Build.0 = Release|ARM
		{708DD7F1-2492-4193-B6D2-0ECC32DFFD41}.Ad-Hoc|ARM.Deploy.0 = Release|ARM
		{708DD7F1-2492-4193-B6D2-0ECC32DFFD41}.Ad-Hoc|iPhone.ActiveCfg = Release|Any CPU
		{708DD7F1-2492-4193-B6D2-0ECC32DFFD41}.Ad-Hoc|iPhoneSimulator.ActiveCfg = Release|Any CPU
		{708DD7F1-2492-4193-B6D2-0ECC32DFFD41}.Ad-Hoc|Mixed Platforms.ActiveCfg = Release|x86
		{708DD7F1-2492-4193-B6D2-0ECC32DFFD41}.Ad-Hoc|Mixed Platforms.Build.0 = Release|x86
		{708DD7F1-2492-4193-B6D2-0ECC32DFFD41}.Ad-Hoc|Mixed Platforms.Deploy.0 = Release|x86
		{708DD7F1-2492-4193-B6D2-0ECC32DFFD41}.Ad-Hoc|x64.ActiveCfg = Release|Any CPU
		{708DD7F1-2492-4193-B6D2-0ECC32DFFD41}.Ad-Hoc|x86.ActiveCfg = Release|x86
		{708DD7F1-2492-4193-B6D2-0ECC32DFFD41}.Ad-Hoc|x86.Build.0 = Release|x86
		{708DD7F1-2492-4193-B6D2-0ECC32DFFD41}.Ad-Hoc|x86.Deploy.0 = Release|x86
		{708DD7F1-2492-4193-B6D2-0ECC32DFFD41}.AppStore|Any CPU.ActiveCfg = Release|Any CPU
		{708DD7F1-2492-4193-B6D2-0ECC32DFFD41}.AppStore|Any CPU.Build.0 = Release|Any CPU
		{708DD7F1-2492-4193-B6D2-0ECC32DFFD41}.AppStore|Any CPU.Deploy.0 = Release|Any CPU
		{708DD7F1-2492-4193-B6D2-0ECC32DFFD41}.AppStore|ARM.ActiveCfg = Release|ARM
		{708DD7F1-2492-4193-B6D2-0ECC32DFFD41}.AppStore|ARM.Build.0 = Release|ARM
		{708DD7F1-2492-4193-B6D2-0ECC32DFFD41}.AppStore|ARM.Deploy.0 = Release|ARM
		{708DD7F1-2492-4193-B6D2-0ECC32DFFD41}.AppStore|iPhone.ActiveCfg = Release|Any CPU
		{708DD7F1-2492-4193-B6D2-0ECC32DFFD41}.AppStore|iPhoneSimulator.ActiveCfg = Release|Any CPU
		{708DD7F1-2492-4193-B6D2-0ECC32DFFD41}.AppStore|Mixed Platforms.ActiveCfg = Release|x86
		{708DD7F1-2492-4193-B6D2-0ECC32DFFD41}.AppStore|Mixed Platforms.Build.0 = Release|x86
		{708DD7F1-2492-4193-B6D2-0ECC32DFFD41}.AppStore|Mixed Platforms.Deploy.0 = Release|x86
		{708DD7F1-2492-4193-B6D2-0ECC32DFFD41}.AppStore|x64.ActiveCfg = Release|Any CPU
		{708DD7F1-2492-4193-B6D2-0ECC32DFFD41}.AppStore|x86.ActiveCfg = Release|x86
		{708DD7F1-2492-4193-B6D2-0ECC32DFFD41}.AppStore|x86.Build.0 = Release|x86
		{708DD7F1-2492-4193-B6D2-0ECC32DFFD41}.AppStore|x86.Deploy.0 = Release|x86
		{708DD7F1-2492-4193-B6D2-0ECC32DFFD41}.Debug|Any CPU.ActiveCfg = Debug|Any CPU
		{708DD7F1-2492-4193-B6D2-0ECC32DFFD41}.Debug|Any CPU.Build.0 = Debug|Any CPU
		{708DD7F1-2492-4193-B6D2-0ECC32DFFD41}.Debug|Any CPU.Deploy.0 = Debug|Any CPU
		{708DD7F1-2492-4193-B6D2-0ECC32DFFD41}.Debug|ARM.ActiveCfg = Debug|ARM
		{708DD7F1-2492-4193-B6D2-0ECC32DFFD41}.Debug|ARM.Build.0 = Debug|ARM
		{708DD7F1-2492-4193-B6D2-0ECC32DFFD41}.Debug|ARM.Deploy.0 = Debug|ARM
		{708DD7F1-2492-4193-B6D2-0ECC32DFFD41}.Debug|iPhone.ActiveCfg = Debug|Any CPU
		{708DD7F1-2492-4193-B6D2-0ECC32DFFD41}.Debug|iPhoneSimulator.ActiveCfg = Debug|Any CPU
		{708DD7F1-2492-4193-B6D2-0ECC32DFFD41}.Debug|Mixed Platforms.ActiveCfg = Debug|x86
		{708DD7F1-2492-4193-B6D2-0ECC32DFFD41}.Debug|Mixed Platforms.Build.0 = Debug|x86
		{708DD7F1-2492-4193-B6D2-0ECC32DFFD41}.Debug|Mixed Platforms.Deploy.0 = Debug|x86
		{708DD7F1-2492-4193-B6D2-0ECC32DFFD41}.Debug|x64.ActiveCfg = Debug|Any CPU
		{708DD7F1-2492-4193-B6D2-0ECC32DFFD41}.Debug|x86.ActiveCfg = Debug|x86
		{708DD7F1-2492-4193-B6D2-0ECC32DFFD41}.Debug|x86.Build.0 = Debug|x86
		{708DD7F1-2492-4193-B6D2-0ECC32DFFD41}.Debug|x86.Deploy.0 = Debug|x86
		{708DD7F1-2492-4193-B6D2-0ECC32DFFD41}.Release|Any CPU.ActiveCfg = Release|Any CPU
		{708DD7F1-2492-4193-B6D2-0ECC32DFFD41}.Release|Any CPU.Build.0 = Release|Any CPU
		{708DD7F1-2492-4193-B6D2-0ECC32DFFD41}.Release|Any CPU.Deploy.0 = Release|Any CPU
		{708DD7F1-2492-4193-B6D2-0ECC32DFFD41}.Release|ARM.ActiveCfg = Release|ARM
		{708DD7F1-2492-4193-B6D2-0ECC32DFFD41}.Release|ARM.Build.0 = Release|ARM
		{708DD7F1-2492-4193-B6D2-0ECC32DFFD41}.Release|ARM.Deploy.0 = Release|ARM
		{708DD7F1-2492-4193-B6D2-0ECC32DFFD41}.Release|iPhone.ActiveCfg = Release|Any CPU
		{708DD7F1-2492-4193-B6D2-0ECC32DFFD41}.Release|iPhoneSimulator.ActiveCfg = Release|Any CPU
		{708DD7F1-2492-4193-B6D2-0ECC32DFFD41}.Release|Mixed Platforms.ActiveCfg = Release|x86
		{708DD7F1-2492-4193-B6D2-0ECC32DFFD41}.Release|Mixed Platforms.Build.0 = Release|x86
		{708DD7F1-2492-4193-B6D2-0ECC32DFFD41}.Release|Mixed Platforms.Deploy.0 = Release|x86
		{708DD7F1-2492-4193-B6D2-0ECC32DFFD41}.Release|x64.ActiveCfg = Release|Any CPU
		{708DD7F1-2492-4193-B6D2-0ECC32DFFD41}.Release|x86.ActiveCfg = Release|x86
		{708DD7F1-2492-4193-B6D2-0ECC32DFFD41}.Release|x86.Build.0 = Release|x86
		{708DD7F1-2492-4193-B6D2-0ECC32DFFD41}.Release|x86.Deploy.0 = Release|x86
		{825093FC-FC5F-4AEB-96C6-B9569B5EF18A}.Ad-Hoc|Any CPU.ActiveCfg = Release|Any CPU
		{825093FC-FC5F-4AEB-96C6-B9569B5EF18A}.Ad-Hoc|Any CPU.Build.0 = Release|Any CPU
		{825093FC-FC5F-4AEB-96C6-B9569B5EF18A}.Ad-Hoc|ARM.ActiveCfg = Release|Any CPU
		{825093FC-FC5F-4AEB-96C6-B9569B5EF18A}.Ad-Hoc|iPhone.ActiveCfg = Release|Any CPU
		{825093FC-FC5F-4AEB-96C6-B9569B5EF18A}.Ad-Hoc|iPhoneSimulator.ActiveCfg = Release|Any CPU
		{825093FC-FC5F-4AEB-96C6-B9569B5EF18A}.Ad-Hoc|Mixed Platforms.ActiveCfg = Release|Any CPU
		{825093FC-FC5F-4AEB-96C6-B9569B5EF18A}.Ad-Hoc|Mixed Platforms.Build.0 = Release|Any CPU
		{825093FC-FC5F-4AEB-96C6-B9569B5EF18A}.Ad-Hoc|x64.ActiveCfg = Release|Any CPU
		{825093FC-FC5F-4AEB-96C6-B9569B5EF18A}.Ad-Hoc|x86.ActiveCfg = Release|Any CPU
		{825093FC-FC5F-4AEB-96C6-B9569B5EF18A}.AppStore|Any CPU.ActiveCfg = Release|Any CPU
		{825093FC-FC5F-4AEB-96C6-B9569B5EF18A}.AppStore|Any CPU.Build.0 = Release|Any CPU
		{825093FC-FC5F-4AEB-96C6-B9569B5EF18A}.AppStore|ARM.ActiveCfg = Release|Any CPU
		{825093FC-FC5F-4AEB-96C6-B9569B5EF18A}.AppStore|iPhone.ActiveCfg = Release|Any CPU
		{825093FC-FC5F-4AEB-96C6-B9569B5EF18A}.AppStore|iPhoneSimulator.ActiveCfg = Release|Any CPU
		{825093FC-FC5F-4AEB-96C6-B9569B5EF18A}.AppStore|Mixed Platforms.ActiveCfg = Release|Any CPU
		{825093FC-FC5F-4AEB-96C6-B9569B5EF18A}.AppStore|Mixed Platforms.Build.0 = Release|Any CPU
		{825093FC-FC5F-4AEB-96C6-B9569B5EF18A}.AppStore|x64.ActiveCfg = Release|Any CPU
		{825093FC-FC5F-4AEB-96C6-B9569B5EF18A}.AppStore|x86.ActiveCfg = Release|Any CPU
		{825093FC-FC5F-4AEB-96C6-B9569B5EF18A}.Debug|Any CPU.ActiveCfg = Debug|Any CPU
		{825093FC-FC5F-4AEB-96C6-B9569B5EF18A}.Debug|Any CPU.Build.0 = Debug|Any CPU
		{825093FC-FC5F-4AEB-96C6-B9569B5EF18A}.Debug|ARM.ActiveCfg = Debug|Any CPU
		{825093FC-FC5F-4AEB-96C6-B9569B5EF18A}.Debug|iPhone.ActiveCfg = Debug|Any CPU
		{825093FC-FC5F-4AEB-96C6-B9569B5EF18A}.Debug|iPhoneSimulator.ActiveCfg = Debug|Any CPU
		{825093FC-FC5F-4AEB-96C6-B9569B5EF18A}.Debug|Mixed Platforms.ActiveCfg = Debug|Any CPU
		{825093FC-FC5F-4AEB-96C6-B9569B5EF18A}.Debug|Mixed Platforms.Build.0 = Debug|Any CPU
		{825093FC-FC5F-4AEB-96C6-B9569B5EF18A}.Debug|x64.ActiveCfg = Debug|Any CPU
		{825093FC-FC5F-4AEB-96C6-B9569B5EF18A}.Debug|x86.ActiveCfg = Debug|Any CPU
		{825093FC-FC5F-4AEB-96C6-B9569B5EF18A}.Release|Any CPU.ActiveCfg = Release|Any CPU
		{825093FC-FC5F-4AEB-96C6-B9569B5EF18A}.Release|Any CPU.Build.0 = Release|Any CPU
		{825093FC-FC5F-4AEB-96C6-B9569B5EF18A}.Release|ARM.ActiveCfg = Release|Any CPU
		{825093FC-FC5F-4AEB-96C6-B9569B5EF18A}.Release|iPhone.ActiveCfg = Release|Any CPU
		{825093FC-FC5F-4AEB-96C6-B9569B5EF18A}.Release|iPhoneSimulator.ActiveCfg = Release|Any CPU
		{825093FC-FC5F-4AEB-96C6-B9569B5EF18A}.Release|Mixed Platforms.ActiveCfg = Release|Any CPU
		{825093FC-FC5F-4AEB-96C6-B9569B5EF18A}.Release|Mixed Platforms.Build.0 = Release|Any CPU
		{825093FC-FC5F-4AEB-96C6-B9569B5EF18A}.Release|x64.ActiveCfg = Release|Any CPU
		{825093FC-FC5F-4AEB-96C6-B9569B5EF18A}.Release|x86.ActiveCfg = Release|Any CPU
		{8EFAC467-5DE2-4AC8-B90F-45E215BD9C20}.Ad-Hoc|Any CPU.ActiveCfg = Release|Any CPU
		{8EFAC467-5DE2-4AC8-B90F-45E215BD9C20}.Ad-Hoc|Any CPU.Build.0 = Release|Any CPU
		{8EFAC467-5DE2-4AC8-B90F-45E215BD9C20}.Ad-Hoc|ARM.ActiveCfg = Release|Any CPU
		{8EFAC467-5DE2-4AC8-B90F-45E215BD9C20}.Ad-Hoc|iPhone.ActiveCfg = Release|Any CPU
		{8EFAC467-5DE2-4AC8-B90F-45E215BD9C20}.Ad-Hoc|iPhoneSimulator.ActiveCfg = Release|Any CPU
		{8EFAC467-5DE2-4AC8-B90F-45E215BD9C20}.Ad-Hoc|Mixed Platforms.ActiveCfg = Release|Any CPU
		{8EFAC467-5DE2-4AC8-B90F-45E215BD9C20}.Ad-Hoc|Mixed Platforms.Build.0 = Release|Any CPU
		{8EFAC467-5DE2-4AC8-B90F-45E215BD9C20}.Ad-Hoc|x64.ActiveCfg = Release|Any CPU
		{8EFAC467-5DE2-4AC8-B90F-45E215BD9C20}.Ad-Hoc|x86.ActiveCfg = Release|Any CPU
		{8EFAC467-5DE2-4AC8-B90F-45E215BD9C20}.AppStore|Any CPU.ActiveCfg = Release|Any CPU
		{8EFAC467-5DE2-4AC8-B90F-45E215BD9C20}.AppStore|Any CPU.Build.0 = Release|Any CPU
		{8EFAC467-5DE2-4AC8-B90F-45E215BD9C20}.AppStore|ARM.ActiveCfg = Release|Any CPU
		{8EFAC467-5DE2-4AC8-B90F-45E215BD9C20}.AppStore|iPhone.ActiveCfg = Release|Any CPU
		{8EFAC467-5DE2-4AC8-B90F-45E215BD9C20}.AppStore|iPhoneSimulator.ActiveCfg = Release|Any CPU
		{8EFAC467-5DE2-4AC8-B90F-45E215BD9C20}.AppStore|Mixed Platforms.ActiveCfg = Release|Any CPU
		{8EFAC467-5DE2-4AC8-B90F-45E215BD9C20}.AppStore|Mixed Platforms.Build.0 = Release|Any CPU
		{8EFAC467-5DE2-4AC8-B90F-45E215BD9C20}.AppStore|x64.ActiveCfg = Release|Any CPU
		{8EFAC467-5DE2-4AC8-B90F-45E215BD9C20}.AppStore|x86.ActiveCfg = Release|Any CPU
		{8EFAC467-5DE2-4AC8-B90F-45E215BD9C20}.Debug|Any CPU.ActiveCfg = Debug|Any CPU
		{8EFAC467-5DE2-4AC8-B90F-45E215BD9C20}.Debug|Any CPU.Build.0 = Debug|Any CPU
		{8EFAC467-5DE2-4AC8-B90F-45E215BD9C20}.Debug|ARM.ActiveCfg = Debug|Any CPU
		{8EFAC467-5DE2-4AC8-B90F-45E215BD9C20}.Debug|iPhone.ActiveCfg = Debug|Any CPU
		{8EFAC467-5DE2-4AC8-B90F-45E215BD9C20}.Debug|iPhoneSimulator.ActiveCfg = Debug|Any CPU
		{8EFAC467-5DE2-4AC8-B90F-45E215BD9C20}.Debug|Mixed Platforms.ActiveCfg = Debug|Any CPU
		{8EFAC467-5DE2-4AC8-B90F-45E215BD9C20}.Debug|Mixed Platforms.Build.0 = Debug|Any CPU
		{8EFAC467-5DE2-4AC8-B90F-45E215BD9C20}.Debug|x64.ActiveCfg = Debug|Any CPU
		{8EFAC467-5DE2-4AC8-B90F-45E215BD9C20}.Debug|x86.ActiveCfg = Debug|Any CPU
		{8EFAC467-5DE2-4AC8-B90F-45E215BD9C20}.Release|Any CPU.ActiveCfg = Release|Any CPU
		{8EFAC467-5DE2-4AC8-B90F-45E215BD9C20}.Release|Any CPU.Build.0 = Release|Any CPU
		{8EFAC467-5DE2-4AC8-B90F-45E215BD9C20}.Release|ARM.ActiveCfg = Release|Any CPU
		{8EFAC467-5DE2-4AC8-B90F-45E215BD9C20}.Release|iPhone.ActiveCfg = Release|Any CPU
		{8EFAC467-5DE2-4AC8-B90F-45E215BD9C20}.Release|iPhoneSimulator.ActiveCfg = Release|Any CPU
		{8EFAC467-5DE2-4AC8-B90F-45E215BD9C20}.Release|Mixed Platforms.ActiveCfg = Release|Any CPU
		{8EFAC467-5DE2-4AC8-B90F-45E215BD9C20}.Release|Mixed Platforms.Build.0 = Release|Any CPU
		{8EFAC467-5DE2-4AC8-B90F-45E215BD9C20}.Release|x64.ActiveCfg = Release|Any CPU
		{8EFAC467-5DE2-4AC8-B90F-45E215BD9C20}.Release|x86.ActiveCfg = Release|Any CPU
		{C8009529-185B-4FB0-9F80-A3DEF175CA49}.Ad-Hoc|Any CPU.ActiveCfg = Ad-Hoc|iPhone
		{C8009529-185B-4FB0-9F80-A3DEF175CA49}.Ad-Hoc|ARM.ActiveCfg = Ad-Hoc|iPhone
		{C8009529-185B-4FB0-9F80-A3DEF175CA49}.Ad-Hoc|iPhone.ActiveCfg = Ad-Hoc|iPhone
		{C8009529-185B-4FB0-9F80-A3DEF175CA49}.Ad-Hoc|iPhone.Build.0 = Ad-Hoc|iPhone
		{C8009529-185B-4FB0-9F80-A3DEF175CA49}.Ad-Hoc|iPhone.Deploy.0 = Ad-Hoc|iPhone
		{C8009529-185B-4FB0-9F80-A3DEF175CA49}.Ad-Hoc|iPhoneSimulator.ActiveCfg = Ad-Hoc|iPhoneSimulator
		{C8009529-185B-4FB0-9F80-A3DEF175CA49}.Ad-Hoc|iPhoneSimulator.Build.0 = Ad-Hoc|iPhoneSimulator
		{C8009529-185B-4FB0-9F80-A3DEF175CA49}.Ad-Hoc|iPhoneSimulator.Deploy.0 = Ad-Hoc|iPhoneSimulator
		{C8009529-185B-4FB0-9F80-A3DEF175CA49}.Ad-Hoc|Mixed Platforms.ActiveCfg = Ad-Hoc|iPhone
		{C8009529-185B-4FB0-9F80-A3DEF175CA49}.Ad-Hoc|Mixed Platforms.Build.0 = Ad-Hoc|iPhone
		{C8009529-185B-4FB0-9F80-A3DEF175CA49}.Ad-Hoc|Mixed Platforms.Deploy.0 = Ad-Hoc|iPhone
		{C8009529-185B-4FB0-9F80-A3DEF175CA49}.Ad-Hoc|x64.ActiveCfg = Ad-Hoc|iPhone
		{C8009529-185B-4FB0-9F80-A3DEF175CA49}.Ad-Hoc|x86.ActiveCfg = Ad-Hoc|iPhone
		{C8009529-185B-4FB0-9F80-A3DEF175CA49}.AppStore|Any CPU.ActiveCfg = AppStore|iPhone
		{C8009529-185B-4FB0-9F80-A3DEF175CA49}.AppStore|ARM.ActiveCfg = AppStore|iPhone
		{C8009529-185B-4FB0-9F80-A3DEF175CA49}.AppStore|iPhone.ActiveCfg = AppStore|iPhone
		{C8009529-185B-4FB0-9F80-A3DEF175CA49}.AppStore|iPhone.Build.0 = AppStore|iPhone
		{C8009529-185B-4FB0-9F80-A3DEF175CA49}.AppStore|iPhone.Deploy.0 = AppStore|iPhone
		{C8009529-185B-4FB0-9F80-A3DEF175CA49}.AppStore|iPhoneSimulator.ActiveCfg = AppStore|iPhoneSimulator
		{C8009529-185B-4FB0-9F80-A3DEF175CA49}.AppStore|iPhoneSimulator.Build.0 = AppStore|iPhoneSimulator
		{C8009529-185B-4FB0-9F80-A3DEF175CA49}.AppStore|iPhoneSimulator.Deploy.0 = AppStore|iPhoneSimulator
		{C8009529-185B-4FB0-9F80-A3DEF175CA49}.AppStore|Mixed Platforms.ActiveCfg = AppStore|iPhone
		{C8009529-185B-4FB0-9F80-A3DEF175CA49}.AppStore|Mixed Platforms.Build.0 = AppStore|iPhone
		{C8009529-185B-4FB0-9F80-A3DEF175CA49}.AppStore|Mixed Platforms.Deploy.0 = AppStore|iPhone
		{C8009529-185B-4FB0-9F80-A3DEF175CA49}.AppStore|x64.ActiveCfg = AppStore|iPhone
		{C8009529-185B-4FB0-9F80-A3DEF175CA49}.AppStore|x86.ActiveCfg = AppStore|iPhone
		{C8009529-185B-4FB0-9F80-A3DEF175CA49}.Debug|Any CPU.ActiveCfg = Debug|iPhone
		{C8009529-185B-4FB0-9F80-A3DEF175CA49}.Debug|ARM.ActiveCfg = Debug|iPhone
		{C8009529-185B-4FB0-9F80-A3DEF175CA49}.Debug|iPhone.ActiveCfg = Debug|iPhone
		{C8009529-185B-4FB0-9F80-A3DEF175CA49}.Debug|iPhone.Build.0 = Debug|iPhone
		{C8009529-185B-4FB0-9F80-A3DEF175CA49}.Debug|iPhone.Deploy.0 = Debug|iPhone
		{C8009529-185B-4FB0-9F80-A3DEF175CA49}.Debug|iPhoneSimulator.ActiveCfg = Debug|iPhoneSimulator
		{C8009529-185B-4FB0-9F80-A3DEF175CA49}.Debug|iPhoneSimulator.Build.0 = Debug|iPhoneSimulator
		{C8009529-185B-4FB0-9F80-A3DEF175CA49}.Debug|iPhoneSimulator.Deploy.0 = Debug|iPhoneSimulator
		{C8009529-185B-4FB0-9F80-A3DEF175CA49}.Debug|Mixed Platforms.ActiveCfg = Debug|iPhone
		{C8009529-185B-4FB0-9F80-A3DEF175CA49}.Debug|Mixed Platforms.Build.0 = Debug|iPhone
		{C8009529-185B-4FB0-9F80-A3DEF175CA49}.Debug|Mixed Platforms.Deploy.0 = Debug|iPhone
		{C8009529-185B-4FB0-9F80-A3DEF175CA49}.Debug|x64.ActiveCfg = Debug|iPhone
		{C8009529-185B-4FB0-9F80-A3DEF175CA49}.Debug|x86.ActiveCfg = Debug|iPhone
		{C8009529-185B-4FB0-9F80-A3DEF175CA49}.Release|Any CPU.ActiveCfg = Release|iPhone
		{C8009529-185B-4FB0-9F80-A3DEF175CA49}.Release|ARM.ActiveCfg = Release|iPhone
		{C8009529-185B-4FB0-9F80-A3DEF175CA49}.Release|iPhone.ActiveCfg = Release|iPhone
		{C8009529-185B-4FB0-9F80-A3DEF175CA49}.Release|iPhone.Build.0 = Release|iPhone
		{C8009529-185B-4FB0-9F80-A3DEF175CA49}.Release|iPhone.Deploy.0 = Release|iPhone
		{C8009529-185B-4FB0-9F80-A3DEF175CA49}.Release|iPhoneSimulator.ActiveCfg = Release|iPhoneSimulator
		{C8009529-185B-4FB0-9F80-A3DEF175CA49}.Release|iPhoneSimulator.Build.0 = Release|iPhoneSimulator
		{C8009529-185B-4FB0-9F80-A3DEF175CA49}.Release|iPhoneSimulator.Deploy.0 = Release|iPhoneSimulator
		{C8009529-185B-4FB0-9F80-A3DEF175CA49}.Release|Mixed Platforms.ActiveCfg = Release|iPhone
		{C8009529-185B-4FB0-9F80-A3DEF175CA49}.Release|Mixed Platforms.Build.0 = Release|iPhone
		{C8009529-185B-4FB0-9F80-A3DEF175CA49}.Release|Mixed Platforms.Deploy.0 = Release|iPhone
		{C8009529-185B-4FB0-9F80-A3DEF175CA49}.Release|x64.ActiveCfg = Release|iPhone
		{C8009529-185B-4FB0-9F80-A3DEF175CA49}.Release|x86.ActiveCfg = Release|iPhone
		{EB20054A-B290-42BA-A353-A449F14542E8}.Ad-Hoc|Any CPU.ActiveCfg = Release|Any CPU
		{EB20054A-B290-42BA-A353-A449F14542E8}.Ad-Hoc|Any CPU.Build.0 = Release|Any CPU
		{EB20054A-B290-42BA-A353-A449F14542E8}.Ad-Hoc|Any CPU.Deploy.0 = Release|Any CPU
		{EB20054A-B290-42BA-A353-A449F14542E8}.Ad-Hoc|ARM.ActiveCfg = Release|ARM
		{EB20054A-B290-42BA-A353-A449F14542E8}.Ad-Hoc|ARM.Build.0 = Release|ARM
		{EB20054A-B290-42BA-A353-A449F14542E8}.Ad-Hoc|ARM.Deploy.0 = Release|ARM
		{EB20054A-B290-42BA-A353-A449F14542E8}.Ad-Hoc|iPhone.ActiveCfg = Release|Any CPU
		{EB20054A-B290-42BA-A353-A449F14542E8}.Ad-Hoc|iPhoneSimulator.ActiveCfg = Release|Any CPU
		{EB20054A-B290-42BA-A353-A449F14542E8}.Ad-Hoc|Mixed Platforms.ActiveCfg = Release|x86
		{EB20054A-B290-42BA-A353-A449F14542E8}.Ad-Hoc|Mixed Platforms.Build.0 = Release|x86
		{EB20054A-B290-42BA-A353-A449F14542E8}.Ad-Hoc|Mixed Platforms.Deploy.0 = Release|x86
		{EB20054A-B290-42BA-A353-A449F14542E8}.Ad-Hoc|x64.ActiveCfg = Release|x64
		{EB20054A-B290-42BA-A353-A449F14542E8}.Ad-Hoc|x64.Build.0 = Release|x64
		{EB20054A-B290-42BA-A353-A449F14542E8}.Ad-Hoc|x64.Deploy.0 = Release|x64
		{EB20054A-B290-42BA-A353-A449F14542E8}.Ad-Hoc|x86.ActiveCfg = Release|x86
		{EB20054A-B290-42BA-A353-A449F14542E8}.Ad-Hoc|x86.Build.0 = Release|x86
		{EB20054A-B290-42BA-A353-A449F14542E8}.Ad-Hoc|x86.Deploy.0 = Release|x86
		{EB20054A-B290-42BA-A353-A449F14542E8}.AppStore|Any CPU.ActiveCfg = Release|Any CPU
		{EB20054A-B290-42BA-A353-A449F14542E8}.AppStore|Any CPU.Build.0 = Release|Any CPU
		{EB20054A-B290-42BA-A353-A449F14542E8}.AppStore|Any CPU.Deploy.0 = Release|Any CPU
		{EB20054A-B290-42BA-A353-A449F14542E8}.AppStore|ARM.ActiveCfg = Release|ARM
		{EB20054A-B290-42BA-A353-A449F14542E8}.AppStore|ARM.Build.0 = Release|ARM
		{EB20054A-B290-42BA-A353-A449F14542E8}.AppStore|ARM.Deploy.0 = Release|ARM
		{EB20054A-B290-42BA-A353-A449F14542E8}.AppStore|iPhone.ActiveCfg = Release|Any CPU
		{EB20054A-B290-42BA-A353-A449F14542E8}.AppStore|iPhoneSimulator.ActiveCfg = Release|Any CPU
		{EB20054A-B290-42BA-A353-A449F14542E8}.AppStore|Mixed Platforms.ActiveCfg = Release|x86
		{EB20054A-B290-42BA-A353-A449F14542E8}.AppStore|Mixed Platforms.Build.0 = Release|x86
		{EB20054A-B290-42BA-A353-A449F14542E8}.AppStore|Mixed Platforms.Deploy.0 = Release|x86
		{EB20054A-B290-42BA-A353-A449F14542E8}.AppStore|x64.ActiveCfg = Release|x64
		{EB20054A-B290-42BA-A353-A449F14542E8}.AppStore|x64.Build.0 = Release|x64
		{EB20054A-B290-42BA-A353-A449F14542E8}.AppStore|x64.Deploy.0 = Release|x64
		{EB20054A-B290-42BA-A353-A449F14542E8}.AppStore|x86.ActiveCfg = Release|x86
		{EB20054A-B290-42BA-A353-A449F14542E8}.AppStore|x86.Build.0 = Release|x86
		{EB20054A-B290-42BA-A353-A449F14542E8}.AppStore|x86.Deploy.0 = Release|x86
		{EB20054A-B290-42BA-A353-A449F14542E8}.Debug|Any CPU.ActiveCfg = Debug|Any CPU
		{EB20054A-B290-42BA-A353-A449F14542E8}.Debug|Any CPU.Build.0 = Debug|Any CPU
		{EB20054A-B290-42BA-A353-A449F14542E8}.Debug|Any CPU.Deploy.0 = Debug|Any CPU
		{EB20054A-B290-42BA-A353-A449F14542E8}.Debug|ARM.ActiveCfg = Debug|ARM
		{EB20054A-B290-42BA-A353-A449F14542E8}.Debug|ARM.Build.0 = Debug|ARM
		{EB20054A-B290-42BA-A353-A449F14542E8}.Debug|ARM.Deploy.0 = Debug|ARM
		{EB20054A-B290-42BA-A353-A449F14542E8}.Debug|iPhone.ActiveCfg = Debug|Any CPU
		{EB20054A-B290-42BA-A353-A449F14542E8}.Debug|iPhoneSimulator.ActiveCfg = Debug|Any CPU
		{EB20054A-B290-42BA-A353-A449F14542E8}.Debug|Mixed Platforms.ActiveCfg = Debug|x86
		{EB20054A-B290-42BA-A353-A449F14542E8}.Debug|Mixed Platforms.Build.0 = Debug|x86
		{EB20054A-B290-42BA-A353-A449F14542E8}.Debug|Mixed Platforms.Deploy.0 = Debug|x86
		{EB20054A-B290-42BA-A353-A449F14542E8}.Debug|x64.ActiveCfg = Debug|x64
		{EB20054A-B290-42BA-A353-A449F14542E8}.Debug|x64.Build.0 = Debug|x64
		{EB20054A-B290-42BA-A353-A449F14542E8}.Debug|x64.Deploy.0 = Debug|x64
		{EB20054A-B290-42BA-A353-A449F14542E8}.Debug|x86.ActiveCfg = Debug|x86
		{EB20054A-B290-42BA-A353-A449F14542E8}.Debug|x86.Build.0 = Debug|x86
		{EB20054A-B290-42BA-A353-A449F14542E8}.Debug|x86.Deploy.0 = Debug|x86
		{EB20054A-B290-42BA-A353-A449F14542E8}.Release|Any CPU.ActiveCfg = Release|Any CPU
		{EB20054A-B290-42BA-A353-A449F14542E8}.Release|Any CPU.Build.0 = Release|Any CPU
		{EB20054A-B290-42BA-A353-A449F14542E8}.Release|Any CPU.Deploy.0 = Release|Any CPU
		{EB20054A-B290-42BA-A353-A449F14542E8}.Release|ARM.ActiveCfg = Release|ARM
		{EB20054A-B290-42BA-A353-A449F14542E8}.Release|ARM.Build.0 = Release|ARM
		{EB20054A-B290-42BA-A353-A449F14542E8}.Release|ARM.Deploy.0 = Release|ARM
		{EB20054A-B290-42BA-A353-A449F14542E8}.Release|iPhone.ActiveCfg = Release|Any CPU
		{EB20054A-B290-42BA-A353-A449F14542E8}.Release|iPhoneSimulator.ActiveCfg = Release|Any CPU
		{EB20054A-B290-42BA-A353-A449F14542E8}.Release|Mixed Platforms.ActiveCfg = Release|x86
		{EB20054A-B290-42BA-A353-A449F14542E8}.Release|Mixed Platforms.Build.0 = Release|x86
		{EB20054A-B290-42BA-A353-A449F14542E8}.Release|Mixed Platforms.Deploy.0 = Release|x86
		{EB20054A-B290-42BA-A353-A449F14542E8}.Release|x64.ActiveCfg = Release|x64
		{EB20054A-B290-42BA-A353-A449F14542E8}.Release|x64.Build.0 = Release|x64
		{EB20054A-B290-42BA-A353-A449F14542E8}.Release|x64.Deploy.0 = Release|x64
		{EB20054A-B290-42BA-A353-A449F14542E8}.Release|x86.ActiveCfg = Release|x86
		{EB20054A-B290-42BA-A353-A449F14542E8}.Release|x86.Build.0 = Release|x86
		{EB20054A-B290-42BA-A353-A449F14542E8}.Release|x86.Deploy.0 = Release|x86
	EndGlobalSection
	GlobalSection(MonoDevelopProperties) = preSolution
		StartupItem = ExamplesChat.Android\ExamplesChat.Android.csproj
	EndGlobalSection
	GlobalSection(SolutionProperties) = preSolution
		HideSolutionNode = FALSE
	EndGlobalSection
EndGlobal
